
Microsoft Visual Studio Solution File, Format Version 12.00
# Visual Studio 15
VisualStudioVersion = 15.0.28010.2036
MinimumVisualStudioVersion = 10.0.40219.1
Project("{FAE04EC0-301F-11D3-BF4B-00C04F79EFBC}") = "GraniteHouse", "GraniteHouse\GraniteHouse.csproj", "{93D75C72-5694-4611-A9CB-34511BC75A62}"
EndProject
Global
	GlobalSection(SolutionConfigurationPlatforms) = preSolution
		Debug|Any CPU = Debug|Any CPU
		Release|Any CPU = Release|Any CPU
	EndGlobalSection
	GlobalSection(ProjectConfigurationPlatforms) = postSolution
		{93D75C72-5694-4611-A9CB-34511BC75A62}.Debug|Any CPU.ActiveCfg = Debug|Any CPU
		{93D75C72-5694-4611-A9CB-34511BC75A62}.Debug|Any CPU.Build.0 = Debug|Any CPU
		{93D75C72-5694-4611-A9CB-34511BC75A62}.Release|Any CPU.ActiveCfg = Release|Any CPU
		{93D75C72-5694-4611-A9CB-34511BC75A62}.Release|Any CPU.Build.0 = Release|Any CPU
	EndGlobalSection
	GlobalSection(SolutionProperties) = preSolution
		HideSolutionNode = FALSE
	EndGlobalSection
	GlobalSection(ExtensibilityGlobals) = postSolution
		SolutionGuid = {D7D910BE-74AC-4CAB-8111-E4CA4E555CE5}
	EndGlobalSection
EndGlobal
